// !$*UTF8*$!
{
	archiveVersion = 1;
	classes = {
	};
	objectVersion = 48;
	objects = {

/* Begin PBXBuildFile section */
		67951E7C1FD818F7003B3804 /* AppDelegate.swift in Sources */ = {isa = PBXBuildFile; fileRef = 67951E7B1FD818F7003B3804 /* AppDelegate.swift */; };
		67951E7E1FD818F7003B3804 /* ViewController.swift in Sources */ = {isa = PBXBuildFile; fileRef = 67951E7D1FD818F7003B3804 /* ViewController.swift */; };
		67951E811FD818F7003B3804 /* Main.storyboard in Resources */ = {isa = PBXBuildFile; fileRef = 67951E7F1FD818F7003B3804 /* Main.storyboard */; };
		67951E831FD818F7003B3804 /* Assets.xcassets in Resources */ = {isa = PBXBuildFile; fileRef = 67951E821FD818F7003B3804 /* Assets.xcassets */; };
		67951E861FD818F7003B3804 /* LaunchScreen.storyboard in Resources */ = {isa = PBXBuildFile; fileRef = 67951E841FD818F7003B3804 /* LaunchScreen.storyboard */; };
/* End PBXBuildFile section */

/* Begin PBXFileReference section */
		67951E781FD818F7003B3804 /* SignGooglePoc.app */ = {isa = PBXFileReference; explicitFileType = wrapper.application; includeInIndex = 0; path = SignGooglePoc.app; sourceTree = BUILT_PRODUCTS_DIR; };
		67951E7B1FD818F7003B3804 /* AppDelegate.swift */ = {isa = PBXFileReference; lastKnownFileType = sourcecode.swift; path = AppDelegate.swift; sourceTree = "<group>"; };
		67951E7D1FD818F7003B3804 /* ViewController.swift */ = {isa = PBXFileReference; lastKnownFileType = sourcecode.swift; path = ViewController.swift; sourceTree = "<group>"; };
		67951E801FD818F7003B3804 /* Base */ = {isa = PBXFileReference; lastKnownFileType = file.storyboard; name = Base; path = Base.lproj/Main.storyboard; sourceTree = "<group>"; };
		67951E821FD818F7003B3804 /* Assets.xcassets */ = {isa = PBXFileReference; lastKnownFileType = folder.assetcatalog; path = Assets.xcassets; sourceTree = "<group>"; };
		67951E851FD818F7003B3804 /* Base */ = {isa = PBXFileReference; lastKnownFileType = file.storyboard; name = Base; path = Base.lproj/LaunchScreen.storyboard; sourceTree = "<group>"; };
		67951E871FD818F7003B3804 /* Info.plist */ = {isa = PBXFileReference; lastKnownFileType = text.plist.xml; path = Info.plist; sourceTree = "<group>"; };
/* End PBXFileReference section */

/* Begin PBXFrameworksBuildPhase section */
		67951E751FD818F7003B3804 /* Frameworks */ = {
			isa = PBXFrameworksBuildPhase;
			buildActionMask = 2147483647;
			files = (
			);
			runOnlyForDeploymentPostprocessing = 0;
		};
/* End PBXFrameworksBuildPhase section */

/* Begin PBXGroup section */
		67951E6F1FD818F7003B3804 = {
			isa = PBXGroup;
			children = (
				67951E7A1FD818F7003B3804 /* SignGooglePoc */,
				67951E791FD818F7003B3804 /* Products */,
			);
			sourceTree = "<group>";
		};
		67951E791FD818F7003B3804 /* Products */ = {
			isa = PBXGroup;
			children = (
				67951E781FD818F7003B3804 /* SignGooglePoc.app */,
			);
			name = Products;
			sourceTree = "<group>";
		};
		67951E7A1FD818F7003B3804 /* SignGooglePoc */ = {
			isa = PBXGroup;
			children = (
				67951E7B1FD818F7003B3804 /* AppDelegate.swift */,
				67951E7D1FD818F7003B3804 /* ViewController.swift */,
				67951E7F1FD818F7003B3804 /* Main.storyboard */,
				67951E821FD818F7003B3804 /* Assets.xcassets */,
				67951E841FD818F7003B3804 /* LaunchScreen.storyboard */,
				67951E871FD818F7003B3804 /* Info.plist */,
			);
			path = SignGooglePoc;
			sourceTree = "<group>";
		};
/* End PBXGroup section */

/* Begin PBXNativeTarget section */
		67951E771FD818F7003B3804 /* SignGooglePoc */ = {
			isa = PBXNativeTarget;
			buildConfigurationList = 67951E8A1FD818F7003B3804 /* Build configuration list for PBXNativeTarget "SignGooglePoc" */;
			buildPhases = (
				67951E741FD818F7003B3804 /* Sources */,
				67951E751FD818F7003B3804 /* Frameworks */,
				67951E761FD818F7003B3804 /* Resources */,
			);
			buildRules = (
			);
			dependencies = (
			);
			name = SignGooglePoc;
			productName = SignGooglePoc;
			productReference = 67951E781FD818F7003B3804 /* SignGooglePoc.app */;
			productType = "com.apple.product-type.application";
		};
/* End PBXNativeTarget section */

/* Begin PBXProject section */
		67951E701FD818F7003B3804 /* Project object */ = {
			isa = PBXProject;
			attributes = {
				LastSwiftUpdateCheck = 0910;
				LastUpgradeCheck = 0910;
				ORGANIZATIONNAME = "Paulo César Morandi Massuci";
				TargetAttributes = {
					67951E771FD818F7003B3804 = {
						CreatedOnToolsVersion = 9.1;
						ProvisioningStyle = Automatic;
					};
				};
			};
			buildConfigurationList = 67951E731FD818F7003B3804 /* Build configuration list for PBXProject "SignGooglePoc" */;
			compatibilityVersion = "Xcode 8.0";
			developmentRegion = en;
			hasScannedForEncodings = 0;
			knownRegions = (
				en,
				Base,
			);
			mainGroup = 67951E6F1FD818F7003B3804;
			productRefGroup = 67951E791FD818F7003B3804 /* Products */;
			projectDirPath = "";
			projectRoot = "";
			targets = (
				67951E771FD818F7003B3804 /* SignGooglePoc */,
			);
		};
/* End PBXProject section */

/* Begin PBXResourcesBuildPhase section */
		67951E761FD818F7003B3804 /* Resources */ = {
			isa = PBXResourcesBuildPhase;
			buildActionMask = 2147483647;
			files = (
				67951E861FD818F7003B3804 /* LaunchScreen.storyboard in Resources */,
				67951E831FD818F7003B3804 /* Assets.xcassets in Resources */,
				67951E811FD818F7003B3804 /* Main.storyboard in Resources */,
			);
			runOnlyForDeploymentPostprocessing = 0;
		};
/* End PBXResourcesBuildPhase section */

/* Begin PBXSourcesBuildPhase section */
		67951E741FD818F7003B3804 /* Sources */ = {
			isa = PBXSourcesBuildPhase;
			buildActionMask = 2147483647;
			files = (
				67951E7E1FD818F7003B3804 /* ViewController.swift in Sources */,
				67951E7C1FD818F7003B3804 /* AppDelegate.swift in Sources */,
			);
			runOnlyForDeploymentPostprocessing = 0;
		};
/* End PBXSourcesBuildPhase section */

/* Begin PBXVariantGroup section */
		67951E7F1FD818F7003B3804 /* Main.storyboard */ = {
			isa = PBXVariantGroup;
			children = (
				67951E801FD818F7003B3804 /* Base */,
			);
			name = Main.storyboard;
			sourceTree = "<group>";
		};
		67951E841FD818F7003B3804 /* LaunchScreen.storyboard */ = {
			isa = PBXVariantGroup;
			children = (
				67951E851FD818F7003B3804 /* Base */,
			);
			name = LaunchScreen.storyboard;
			sourceTree = "<group>";
		};
/* End PBXVariantGroup section */

/* Begin XCBuildConfiguration section */
		67951E881FD818F7003B3804 /* Debug */ = {
			isa = XCBuildConfiguration;
			buildSettings = {
				ALWAYS_SEARCH_USER_PATHS = NO;
				CLANG_ANALYZER_NONNULL = YES;
				CLANG_ANALYZER_NUMBER_OBJECT_CONVERSION = YES_AGGRESSIVE;
				CLANG_CXX_LANGUAGE_STANDARD = "gnu++14";
				CLANG_CXX_LIBRARY = "libc++";
				CLANG_ENABLE_MODULES = YES;
				CLANG_ENABLE_OBJC_ARC = YES;
				CLANG_WARN_BLOCK_CAPTURE_AUTORELEASING = YES;
				CLANG_WARN_BOOL_CONVERSION = YES;
				CLANG_WARN_COMMA = YES;
				CLANG_WARN_CONSTANT_CONVERSION = YES;
				CLANG_WARN_DIRECT_OBJC_ISA_USAGE = YES_ERROR;
				CLANG_WARN_DOCUMENTATION_COMMENTS = YES;
				CLANG_WARN_EMPTY_BODY = YES;
				CLANG_WARN_ENUM_CONVERSION = YES;
				CLANG_WARN_INFINITE_RECURSION = YES;
				CLANG_WARN_INT_CONVERSION = YES;
				CLANG_WARN_NON_LITERAL_NULL_CONVERSION = YES;
				CLANG_WARN_OBJC_LITERAL_CONVERSION = YES;
				CLANG_WARN_OBJC_ROOT_CLASS = YES_ERROR;
				CLANG_WARN_RANGE_LOOP_ANALYSIS = YES;
				CLANG_WARN_STRICT_PROTOTYPES = YES;
				CLANG_WARN_SUSPICIOUS_MOVE = YES;
				CLANG_WARN_UNGUARDED_AVAILABILITY = YES_AGGRESSIVE;
				CLANG_WARN_UNREACHABLE_CODE = YES;
				CLANG_WARN__DUPLICATE_METHOD_MATCH = YES;
				CODE_SIGN_IDENTITY = "iPhone Developer";
				COPY_PHASE_STRIP = NO;
				DEBUG_INFORMATION_FORMAT = dwarf;
				ENABLE_STRICT_OBJC_MSGSEND = YES;
				ENABLE_TESTABILITY = YES;
				GCC_C_LANGUAGE_STANDARD = gnu11;
				GCC_DYNAMIC_NO_PIC = NO;
				GCC_NO_COMMON_BLOCKS = YES;
				GCC_OPTIMIZATION_LEVEL = 0;
				GCC_PREPROCESSOR_DEFINITIONS = (
					"DEBUG=1",
					"$(inherited)",
				);
				GCC_WARN_64_TO_32_BIT_CONVERSION = YES;
				GCC_WARN_ABOUT_RETURN_TYPE = YES_ERROR;
				GCC_WARN_UNDECLARED_SELECTOR = YES;
				GCC_WARN_UNINITIALIZED_AUTOS = YES_AGGRESSIVE;
				GCC_WARN_UNUSED_FUNCTION = YES;
				GCC_WARN_UNUSED_VARIABLE = YES;
				IPHONEOS_DEPLOYMENT_TARGET = 11.1;
				MTL_ENABLE_DEBUG_INFO = YES;
				ONLY_ACTIVE_ARCH = YES;
				SDKROOT = iphoneos;
				SWIFT_ACTIVE_COMPILATION_CONDITIONS = DEBUG;
				SWIFT_OPTIMIZATION_LEVEL = "-Onone";
			};
			name = Debug;
		};
		67951E891FD818F7003B3804 /* Release */ = {
			isa = XCBuildConfiguration;
			buildSettings = {
				ALWAYS_SEARCH_USER_PATHS = NO;
				CLANG_ANALYZER_NONNULL = YES;
				CLANG_ANALYZER_NUMBER_OBJECT_CONVERSION = YES_AGGRESSIVE;
				CLANG_CXX_LANGUAGE_STANDARD = "gnu++14";
				CLANG_CXX_LIBRARY = "libc++";
				CLANG_ENABLE_MODULES = YES;
				CLANG_ENABLE_OBJC_ARC = YES;
				CLANG_WARN_BLOCK_CAPTURE_AUTORELEASING = YES;
				CLANG_WARN_BOOL_CONVERSION = YES;
				CLANG_WARN_COMMA = YES;
				CLANG_WARN_CONSTANT_CONVERSION = YES;
				CLANG_WARN_DIRECT_OBJC_ISA_USAGE = YES_ERROR;
				CLANG_WARN_DOCUMENTATION_COMMENTS = YES;
				CLANG_WARN_EMPTY_BODY = YES;
				CLANG_WARN_ENUM_CONVERSION = YES;
				CLANG_WARN_INFINITE_RECURSION = YES;
				CLANG_WARN_INT_CONVERSION = YES;
				CLANG_WARN_NON_LITERAL_NULL_CONVERSION = YES;
				CLANG_WARN_OBJC_LITERAL_CONVERSION = YES;
				CLANG_WARN_OBJC_ROOT_CLASS = YES_ERROR;
				CLANG_WARN_RANGE_LOOP_ANALYSIS = YES;
				CLANG_WARN_STRICT_PROTOTYPES = YES;
				CLANG_WARN_SUSPICIOUS_MOVE = YES;
				CLANG_WARN_UNGUARDED_AVAILABILITY = YES_AGGRESSIVE;
				CLANG_WARN_UNREACHABLE_CODE = YES;
				CLANG_WARN__DUPLICATE_METHOD_MATCH = YES;
				CODE_SIGN_IDENTITY = "iPhone Developer";
				COPY_PHASE_STRIP = NO;
				DEBUG_INFORMATION_FORMAT = "dwarf-with-dsym";
				ENABLE_NS_ASSERTIONS = NO;
				ENABLE_STRICT_OBJC_MSGSEND = YES;
				GCC_C_LANGUAGE_STANDARD = gnu11;
				GCC_NO_COMMON_BLOCKS = YES;
				GCC_WARN_64_TO_32_BIT_CONVERSION = YES;
				GCC_WARN_ABOUT_RETURN_TYPE = YES_ERROR;
				GCC_WARN_UNDECLARED_SELECTOR = YES;
				GCC_WARN_UNINITIALIZED_AUTOS = YES_AGGRESSIVE;
				GCC_WARN_UNUSED_FUNCTION = YES;
				GCC_WARN_UNUSED_VARIABLE = YES;
				IPHONEOS_DEPLOYMENT_TARGET = 11.1;
				MTL_ENABLE_DEBUG_INFO = NO;
				SDKROOT = iphoneos;
				SWIFT_OPTIMIZATION_LEVEL = "-Owholemodule";
				VALIDATE_PRODUCT = YES;
			};
			name = Release;
		};
		67951E8B1FD818F7003B3804 /* Debug */ = {
			isa = XCBuildConfiguration;
			buildSettings = {
				ASSETCATALOG_COMPILER_APPICON_NAME = AppIcon;
				CODE_SIGN_STYLE = Automatic;
				DEVELOPMENT_TEAM = 3C75JFLMG7;
				INFOPLIST_FILE = SignGooglePoc/Info.plist;
				LD_RUNPATH_SEARCH_PATHS = "$(inherited) @executable_path/Frameworks";
				PRODUCT_BUNDLE_IDENTIFIER = com.pcmassuci.SignGooglePoc;
				PRODUCT_NAME = "$(TARGET_NAME)";
				SWIFT_VERSION = 4.0;
				TARGETED_DEVICE_FAMILY = "1,2";
			};
			name = Debug;
		};
		67951E8C1FD818F7003B3804 /* Release */ = {
			isa = XCBuildConfiguration;
			buildSettings = {
				ASSETCATALOG_COMPILER_APPICON_NAME = AppIcon;
				CODE_SIGN_STYLE = Automatic;
				DEVELOPMENT_TEAM = 3C75JFLMG7;
				INFOPLIST_FILE = SignGooglePoc/Info.plist;
				LD_RUNPATH_SEARCH_PATHS = "$(inherited) @executable_path/Frameworks";
				PRODUCT_BUNDLE_IDENTIFIER = com.pcmassuci.SignGooglePoc;
				PRODUCT_NAME = "$(TARGET_NAME)";
				SWIFT_VERSION = 4.0;
				TARGETED_DEVICE_FAMILY = "1,2";
			};
			name = Release;
		};
/* End XCBuildConfiguration section */

/* Begin XCConfigurationList section */
		67951E731FD818F7003B3804 /* Build configuration list for PBXProject "SignGooglePoc" */ = {
			isa = XCConfigurationList;
			buildConfigurations = (
				67951E881FD818F7003B3804 /* Debug */,
				67951E891FD818F7003B3804 /* Release */,
			);
			defaultConfigurationIsVisible = 0;
			defaultConfigurationName = Release;
		};
		67951E8A1FD818F7003B3804 /* Build configuration list for PBXNativeTarget "SignGooglePoc" */ = {
			isa = XCConfigurationList;
			buildConfigurations = (
				67951E8B1FD818F7003B3804 /* Debug */,
				67951E8C1FD818F7003B3804 /* Release */,
			);
			defaultConfigurationIsVisible = 0;
			defaultConfigurationName = Release;
		};
/* End XCConfigurationList section */
	};
	rootObject = 67951E701FD818F7003B3804 /* Project object */;
}
